{
  "nodes": {
    "agent-skills": {
      "inputs": {
        "blueprint": "blueprint",
        "home-manager": "home-manager_2",
        "nixpkgs": "nixpkgs_2"
      },
      "locked": {
        "lastModified": 1786379373,
        "narHash": "sha256-zrvcpGFA8zG6yRLBqQH9bNkJap8xMvLNvkuT4+7w6X8=",
        "owner": "Kyure-A",
        "repo": "agent-skills-nix",
        "rev": "1594ba479be81a7cb6dd19faabefcb1ed5b3f964",
        "type": "github"
      },
      "original": {
        "owner": "Kyure-A",
        "repo": "agent-skills-nix",
        "type": "github"
      }
    },
    "awesome-copilot": {
      "flake": false,
      "locked": {
        "lastModified": 1787895672,
        "narHash": "sha256-7JKM9V5IP/fqy8E3xZdLBlIiFtDhnKMtDwc/7EiUPOs=",
        "owner": "github",
        "repo": "awesome-copilot",
        "rev": "f11a4e441c5ff061b4f8ae37952be8c602e4034e",
        "type": "github"
      },
      "original": {
        "owner": "github",
        "repo": "awesome-copilot",
        "type": "github"
      }
    },
    "better-icons": {
      "flake": false,
      "locked": {
        "lastModified": 1775145257,
        "narHash": "sha256-g5h1JDRUU/dhRLgtIzw4DZpMtKHPOhai+RF4f4oekAE=",
        "owner": "better-auth",
        "repo": "better-icons",
        "rev": "033316ecb8f4982235af4111a2257e80231f5ab1",
        "type": "github"
      },
      "original": {
        "owner": "better-auth",
        "repo": "better-icons",
        "type": "github"
      }
    },
    "blueprint": {
      "inputs": {
        "nixpkgs": [
          "skills-catalog",
          "agent-skills",
          "nixpkgs"
        ],
        "systems": "systems"
      },
      "locked": {
        "lastModified": 1776249299,
        "narHash": "sha256-Dt9t1TGRmJFc0xVYhttNBD6QsAgHOHCArqGa0AyjrJY=",
        "owner": "numtide",
        "repo": "blueprint",
        "rev": "56131e8628f173d24a27f6d27c0215eff57e40dd",
        "type": "github"
      },
      "original": {
        "owner": "numtide",
        "repo": "blueprint",
        "type": "github"
      }
    },
    "cloudflare-skills": {
      "flake": false,
      "locked": {
        "lastModified": 1786124673,
        "narHash": "sha256-r8HeH9XWV9qhbMq3fPASNfT5Y1mrfsgBI5STiUi/LVA=",
        "owner": "cloudflare",
        "repo": "skills",
        "rev": "f96bff754e428838818017f75817f0f9428acd48",
        "type": "github"
      },
      "original": {
        "owner": "cloudflare",
        "repo": "skills",
        "type": "github"
      }
    },
    "flake-compat": {
      "flake": false,
      "locked": {
        "lastModified": 1767039857,
        "narHash": "sha256-vNpUSpF5Nuw8xvDLj2KCwwksIbjua2LZCqhV1LNRDns=",
        "owner": "edolstra",
        "repo": "flake-compat",
        "rev": "5edf11c44bc78a0d334f6334cdaf7d60d732daab",
        "type": "github"
      },
      "original": {
        "owner": "edolstra",
        "repo": "flake-compat",
        "type": "github"
      }
    },
    "flake-parts": {
      "inputs": {
        "nixpkgs-lib": [
          "nur",
          "nixpkgs"
        ]
      },
      "locked": {
        "lastModified": 1733312601,
        "narHash": "sha256-4pDvzqnegAfRkPwO3wmwBhVi/Sye1mzps0zHWYnP88c=",
        "owner": "hercules-ci",
        "repo": "flake-parts",
        "rev": "205b12d8b7cd4802fbcb8e8ef6a0f1408781a4f9",
        "type": "github"
      },
      "original": {
        "owner": "hercules-ci",
        "repo": "flake-parts",
        "type": "github"
      }
    },
    "hero-anti-overdefense": {
      "flake": false,
      "locked": {
        "lastModified": 1787730934,
        "narHash": "sha256-/z//i8tIZg+LnIkonDSjSaLiAF2XkGMdCesEE8yps0Q=",
        "owner": "wanshuiyin",
        "repo": "HERO-Anti-OverDefense",
        "rev": "bfe4026da368823576cbb55195a14c4cf29f6aa2",
        "type": "github"
      },
      "original": {
        "owner": "wanshuiyin",
        "repo": "HERO-Anti-OverDefense",
        "type": "github"
      }
    },
    "home-manager": {
      "inputs": {
        "nixpkgs": [
          "nixpkgs"
        ]
      },
      "locked": {
        "lastModified": 1787797243,
        "narHash": "sha256-8+Q7NOB7RPajRjA4pbCDLzqH+MTjnG9x6LUPLfL2joA=",
        "owner": "nix-community",
        "repo": "home-manager",
        "rev": "99c9ec63390f1d8c14d95d9e8b17cc29cfbd4e11",
        "type": "github"
      },
      "original": {
        "owner": "nix-community",
        "ref": "master",
        "repo": "home-manager",
        "type": "github"
      }
    },
    "home-manager_2": {
      "inputs": {
        "nixpkgs": [
          "skills-catalog",
          "agent-skills",
          "nixpkgs"
        ]
      },
      "locked": {
        "lastModified": 1785531816,
        "narHash": "sha256-vkMnV0JIyw+g/NmcfoajlGaAO+9a0ezia+FZohQJrik=",
        "owner": "nix-community",
        "repo": "home-manager",
        "rev": "bf9ce9fec78f95f374e8dd3b503863a3ec128ebe",
        "type": "github"
      },
      "original": {
        "owner": "nix-community",
        "repo": "home-manager",
        "type": "github"
      }
    },
    "make-interfaces-feel-better": {
      "flake": false,
      "locked": {
        "lastModified": 1788022775,
        "narHash": "sha256-2K/lqqdbG1mKZF7336NbU2nItIkQL/rKllDmykV7uas=",
        "owner": "jakubkrehel",
        "repo": "make-interfaces-feel-better",
        "rev": "35545ea1512ad59fa463e6b1f95ca9c052981fe6",
        "type": "github"
      },
      "original": {
        "owner": "jakubkrehel",
        "repo": "make-interfaces-feel-better",
        "type": "github"
      }
    },
    "mattpocock-skills": {
      "flake": false,
      "locked": {
        "lastModified": 1787581197,
        "narHash": "sha256-N5tpUIHO2VFeJntBTl6/VLDIVpqoshwFxNJlfXXUwsQ=",
        "owner": "mattpocock",
        "repo": "skills",
        "rev": "6654f6b60cd9d5be8b54c6fafe44346dabeb3b76",
        "type": "github"
      },
      "original": {
        "owner": "mattpocock",
        "repo": "skills",
        "type": "github"
      }
    },
    "mysecrets": {
      "flake": false,
      "locked": {
        "lastModified": 1776616180,
        "narHash": "sha256-UMbsJGI3l9rItNZo67+YFmipYoblVHKMhuYPjLhkjcQ=",
        "owner": "zjm54321",
        "repo": "secrets",
        "rev": "71d0f5f7ec3f9db3ca31e1c1244394a35e85bc9c",
        "type": "github"
      },
      "original": {
        "owner": "zjm54321",
        "repo": "secrets",
        "type": "github"
      }
    },
    "nixos-wsl": {
      "inputs": {
        "flake-compat": "flake-compat",
        "nixpkgs": [
          "nixpkgs"
        ]
      },
      "locked": {
        "lastModified": 1784642409,
        "narHash": "sha256-hcbDqFuySAJawljt5r0sKBCJKYnbtGD0T/ZIozH1Dq0=",
        "owner": "nix-community",
        "repo": "NixOS-WSL",
        "rev": "eaeb18da90024448a60eb1ec7132eafa4003404e",
        "type": "github"
      },
      "original": {
        "owner": "nix-community",
        "ref": "main",
        "repo": "NixOS-WSL",
        "type": "github"
      }
    },
    "nixpkgs": {
      "locked": {
        "lastModified": 1787900134,
        "narHash": "sha256-VYXO0XZlgj06dxJZRhrD3WoSsvq/c7+/Akyoa22pefw=",
        "owner": "NixOS",
        "repo": "nixpkgs",
        "rev": "83199d0d373dd3ac2b9a1996b1d0263f76ab7a4c",
        "type": "github"
      },
      "original": {
        "owner": "NixOS",
        "ref": "nixos-unstable",
        "repo": "nixpkgs",
        "type": "github"
      }
    },
    "nixpkgs_2": {
      "locked": {
        "lastModified": 1785571196,
        "narHash": "sha256-KoTsyMQqnXQZq8deCEnu4QkyldkwH/bpMMhUcfMdGIw=",
        "owner": "NixOS",
        "repo": "nixpkgs",
        "rev": "148bab9c1c3c53136ecb44a6ea356a0ed5b39b06",
        "type": "github"
      },
      "original": {
        "owner": "NixOS",
        "ref": "nixos-unstable",
        "repo": "nixpkgs",
        "type": "github"
      }
    },
    "nur": {
      "inputs": {
        "flake-parts": "flake-parts",
        "nixpkgs": [
          "nixpkgs"
        ]
      },
      "locked": {
        "lastModified": 1788070182,
        "narHash": "sha256-3o7kyy0k5MXEqeF6slc8IDhpWqQ4f+SgIDWbj3N4YG4=",
        "owner": "nix-community",
        "repo": "NUR",
        "rev": "c9e4920a1bb75f96af05c212ef4b3717772c8f81",
        "type": "github"
      },
      "original": {
        "owner": "nix-community",
        "repo": "NUR",
        "type": "github"
      }
    },
    "officecli": {
      "flake": false,
      "locked": {
        "lastModified": 1787671869,
        "narHash": "sha256-mf2M6ieFVnTdJYvPA4Snu0ZADRAmLj3AA0th7pToQOc=",
        "owner": "iOfficeAI",
        "repo": "OfficeCLI",
        "rev": "e402d2853259177aba05ee6f79d38b7e1ff067ae",
        "type": "github"
      },
      "original": {
        "owner": "iOfficeAI",
        "repo": "OfficeCLI",
        "type": "github"
      }
    },
    "oh-my-opencode-slim": {
      "flake": false,
      "locked": {
        "lastModified": 1788020256,
        "narHash": "sha256-6SGt+hccKbBBvb4D5+ZVPKLFA39sWenhMPu2kydUHwA=",
        "owner": "alvinunreal",
        "repo": "oh-my-opencode-slim",
        "rev": "092e3c9703271de0a82d226c94f971246b0570fb",
        "type": "github"
      },
      "original": {
        "owner": "alvinunreal",
        "repo": "oh-my-opencode-slim",
        "type": "github"
      }
    },
    "root": {
      "inputs": {
        "hero-anti-overdefense": "hero-anti-overdefense",
        "home-manager": "home-manager",
        "mysecrets": "mysecrets",
        "nixos-wsl": "nixos-wsl",
        "nixpkgs": "nixpkgs",
        "nur": "nur",
        "skills-catalog": "skills-catalog"
      }
    },
    "secretary-skills": {
      "flake": false,
      "locked": {
        "lastModified": 1786821967,
        "narHash": "sha256-kJESiDQ7+GVcaKQ88vFfdLaNVmNtzKRWbrVz43Eaj4U=",
        "owner": "zjm54321",
        "repo": "secretary-skills",
        "rev": "48de9a249b253c1de9f9cbb7f1720b008f96c1d3",
        "type": "github"
      },
      "original": {
        "owner": "zjm54321",
        "repo": "secretary-skills",
        "type": "github"
      }
    },
    "skills-catalog": {
      "inputs": {
        "agent-skills": "agent-skills",
        "awesome-copilot": "awesome-copilot",
        "better-icons": "better-icons",
        "cloudflare-skills": "cloudflare-skills",
        "make-interfaces-feel-better": "make-interfaces-feel-better",
        "mattpocock-skills": "mattpocock-skills",
        "officecli": "officecli",
        "oh-my-opencode-slim": "oh-my-opencode-slim",
        "secretary-skills": "secretary-skills",
        "ui-ux-pro-max-skill": "ui-ux-pro-max-skill",
        "xiaohongshu-cli": "xiaohongshu-cli"
      },
      "locked": {
        "path": "./module/ai/skill",
        "type": "path"
      },
      "original": {
        "path": "./module/ai/skill",
        "type": "path"
      },
      "parent": []
    },
    "systems": {
      "locked": {
        "lastModified": 1681028828,
        "narHash": "sha256-Vy1rq5AaRuLzOxct8nz4T6wlgyUR7zLU309k9mBC768=",
        "owner": "nix-systems",
        "repo": "default",
        "rev": "da67096a3b9bf56a91d16901293e51ba5b49a27e",
        "type": "github"
      },
      "original": {
        "owner": "nix-systems",
        "repo": "default",
        "type": "github"
      }
    },
    "ui-ux-pro-max-skill": {
      "flake": false,
      "locked": {
        "lastModified": 1787822136,
        "narHash": "sha256-CY3lGVXEDJ7n9T4cYShJGVWAXYyg25V6p1WcRLqcVn8=",
        "owner": "nextlevelbuilder",
        "repo": "ui-ux-pro-max-skill",
        "rev": "8bd29e775453ebcae52b6e6514fbf134df0c5770",
        "type": "github"
      },
      "original": {
        "owner": "nextlevelbuilder",
        "repo": "ui-ux-pro-max-skill",
        "type": "github"
      }
    },
    "xiaohongshu-cli": {
      "flake": false,
      "locked": {
        "lastModified": 1774072237,
        "narHash": "sha256-fGAcEnVYoEYlK/o9H8IShSMhz+dUteJ0S0x5BIT0KG4=",
        "owner": "jackwener",
        "repo": "xiaohongshu-cli",
        "rev": "4d63f3c0c85ccd9054fa8e96d7f761aaf2507449",
        "type": "github"
      },
      "original": {
        "owner": "jackwener",
        "repo": "xiaohongshu-cli",
        "type": "github"
      }
    }
  },
  "root": "root",
  "version": 7
}
