{
  "nodes": {
    "agent-skills": {
      "inputs": {
        "nixpkgs": "nixpkgs_3"
      },
      "locked": {
        "lastModified": 1789145426,
        "narHash": "sha256-Wf+7Qzt8+nz4TXPCbWnMjOAdzbVM6blW9J6JP+YhSy8=",
        "owner": "Kyure-A",
        "repo": "agent-skills-nix",
        "rev": "5133c874553c6c295654d8de4e3f62c95736b9c6",
        "type": "github"
      },
      "original": {
        "owner": "Kyure-A",
        "repo": "agent-skills-nix",
        "type": "github"
      }
    },
    "awesome-copilot": {
      "flake": false,
      "locked": {
        "lastModified": 1789519843,
        "narHash": "sha256-jvyiCHIxj27oReU80KFL5bWZqUD5+jUuWLiAEy2OdAk=",
        "owner": "github",
        "repo": "awesome-copilot",
        "rev": "9ce814859eaa473178a1463ee3aa0c54a8860b86",
        "type": "github"
      },
      "original": {
        "owner": "github",
        "repo": "awesome-copilot",
        "type": "github"
      }
    },
    "better-icons": {
      "flake": false,
      "locked": {
        "lastModified": 1775145257,
        "narHash": "sha256-g5h1JDRUU/dhRLgtIzw4DZpMtKHPOhai+RF4f4oekAE=",
        "owner": "better-auth",
        "repo": "better-icons",
        "rev": "033316ecb8f4982235af4111a2257e80231f5ab1",
        "type": "github"
      },
      "original": {
        "owner": "better-auth",
        "repo": "better-icons",
        "type": "github"
      }
    },
    "cloudflare-skills": {
      "flake": false,
      "locked": {
        "lastModified": 1788843119,
        "narHash": "sha256-eObCxuhTN/mujcUpIzGlX62M5ocFgrUUwEWSrHMbcf8=",
        "owner": "cloudflare",
        "repo": "skills",
        "rev": "b052c32bab7dd493513260228a36c88294f343f1",
        "type": "github"
      },
      "original": {
        "owner": "cloudflare",
        "repo": "skills",
        "type": "github"
      }
    },
    "flake-compat": {
      "flake": false,
      "locked": {
        "lastModified": 1767039857,
        "narHash": "sha256-vNpUSpF5Nuw8xvDLj2KCwwksIbjua2LZCqhV1LNRDns=",
        "owner": "edolstra",
        "repo": "flake-compat",
        "rev": "5edf11c44bc78a0d334f6334cdaf7d60d732daab",
        "type": "github"
      },
      "original": {
        "owner": "edolstra",
        "repo": "flake-compat",
        "type": "github"
      }
    },
    "flake-parts": {
      "inputs": {
        "nixpkgs-lib": [
          "nur",
          "nixpkgs"
        ]
      },
      "locked": {
        "lastModified": 1733312601,
        "narHash": "sha256-4pDvzqnegAfRkPwO3wmwBhVi/Sye1mzps0zHWYnP88c=",
        "owner": "hercules-ci",
        "repo": "flake-parts",
        "rev": "205b12d8b7cd4802fbcb8e8ef6a0f1408781a4f9",
        "type": "github"
      },
      "original": {
        "owner": "hercules-ci",
        "repo": "flake-parts",
        "type": "github"
      }
    },
    "hero-anti-overdefense": {
      "flake": false,
      "locked": {
        "lastModified": 1788932460,
        "narHash": "sha256-ipV6IPgT/gcfi1BItPtnTppwlGQL+7S/nRo7yI+Ua9A=",
        "owner": "wanshuiyin",
        "repo": "HERO-Anti-OverDefense",
        "rev": "4bcaa0fe7f6dad34e90db3089567f416a66c122c",
        "type": "github"
      },
      "original": {
        "owner": "wanshuiyin",
        "repo": "HERO-Anti-OverDefense",
        "type": "github"
      }
    },
    "home-manager": {
      "inputs": {
        "nixpkgs": [
          "nixpkgs"
        ]
      },
      "locked": {
        "lastModified": 1789482455,
        "narHash": "sha256-pD3qVlQ4mUCFoTWrYtxecpSitQMsgJvJIN0FUIDZoEU=",
        "owner": "nix-community",
        "repo": "home-manager",
        "rev": "efa3ccb4c3cc90d832eab232976379058fa75aa3",
        "type": "github"
      },
      "original": {
        "owner": "nix-community",
        "ref": "master",
        "repo": "home-manager",
        "type": "github"
      }
    },
    "make-interfaces-feel-better": {
      "flake": false,
      "locked": {
        "lastModified": 1788022775,
        "narHash": "sha256-2K/lqqdbG1mKZF7336NbU2nItIkQL/rKllDmykV7uas=",
        "owner": "jakubkrehel",
        "repo": "make-interfaces-feel-better",
        "rev": "35545ea1512ad59fa463e6b1f95ca9c052981fe6",
        "type": "github"
      },
      "original": {
        "owner": "jakubkrehel",
        "repo": "make-interfaces-feel-better",
        "type": "github"
      }
    },
    "mattpocock-skills": {
      "flake": false,
      "locked": {
        "lastModified": 1789482526,
        "narHash": "sha256-AbIlPEE0VWJq+NJpa56SDzhM8o7vXDBtlJHS5FCTElE=",
        "owner": "mattpocock",
        "repo": "skills",
        "rev": "959a8e9f1edc3adbe2f7e3054bb6fbefa6696260",
        "type": "github"
      },
      "original": {
        "owner": "mattpocock",
        "repo": "skills",
        "type": "github"
      }
    },
    "mysecrets": {
      "flake": false,
      "locked": {
        "lastModified": 1776616180,
        "narHash": "sha256-UMbsJGI3l9rItNZo67+YFmipYoblVHKMhuYPjLhkjcQ=",
        "owner": "zjm54321",
        "repo": "secrets",
        "rev": "71d0f5f7ec3f9db3ca31e1c1244394a35e85bc9c",
        "type": "github"
      },
      "original": {
        "owner": "zjm54321",
        "repo": "secrets",
        "type": "github"
      }
    },
    "nixos-wsl": {
      "inputs": {
        "flake-compat": "flake-compat",
        "nixpkgs": [
          "nixpkgs"
        ]
      },
      "locked": {
        "lastModified": 1789164534,
        "narHash": "sha256-DoYGPM6QpnYBLWj9gGw6ZwAzIX+HrAVov1BoT+8Jixo=",
        "owner": "nix-community",
        "repo": "NixOS-WSL",
        "rev": "72c92b11bb8289e6651c7fef29cc0a885fd6a255",
        "type": "github"
      },
      "original": {
        "owner": "nix-community",
        "ref": "main",
        "repo": "NixOS-WSL",
        "type": "github"
      }
    },
    "nixpkgs": {
      "locked": {
        "lastModified": 1789426278,
        "narHash": "sha256-GnotcvKtbTMnoVx6G4E7ZdUX6487Dky74dqq3pU7iRk=",
        "owner": "NixOS",
        "repo": "nixpkgs",
        "rev": "efe6f071ede9d21c37462d2d6682d5e670099684",
        "type": "github"
      },
      "original": {
        "owner": "NixOS",
        "ref": "nixos-unstable",
        "repo": "nixpkgs",
        "type": "github"
      }
    },
    "nixpkgs_2": {
      "locked": {
        "lastModified": 1776683584,
        "narHash": "sha256-NuTLMrr10Tng72hurYG8jYQ4XKK8wnpJmOGcPiis96g=",
        "owner": "NixOS",
        "repo": "nixpkgs",
        "rev": "9dd5558b06dbdacbf635a3dd36dce1b1a7ee3a89",
        "type": "github"
      },
      "original": {
        "owner": "NixOS",
        "ref": "nixpkgs-unstable",
        "repo": "nixpkgs",
        "type": "github"
      }
    },
    "nixpkgs_3": {
      "locked": {
        "lastModified": 1785571196,
        "narHash": "sha256-KoTsyMQqnXQZq8deCEnu4QkyldkwH/bpMMhUcfMdGIw=",
        "owner": "NixOS",
        "repo": "nixpkgs",
        "rev": "148bab9c1c3c53136ecb44a6ea356a0ed5b39b06",
        "type": "github"
      },
      "original": {
        "owner": "NixOS",
        "ref": "nixos-unstable",
        "repo": "nixpkgs",
        "type": "github"
      }
    },
    "nur": {
      "inputs": {
        "flake-parts": "flake-parts",
        "nixpkgs": [
          "nixpkgs"
        ]
      },
      "locked": {
        "lastModified": 1789546520,
        "narHash": "sha256-zS2TVeD1lT0Fjlut1yrHrMsOyuPYcC2yEFK3LvnFpro=",
        "owner": "nix-community",
        "repo": "NUR",
        "rev": "2075af71e09a99fd9ad1653a2b3c0ee774e6c13e",
        "type": "github"
      },
      "original": {
        "owner": "nix-community",
        "repo": "NUR",
        "type": "github"
      }
    },
    "officecli": {
      "flake": false,
      "locked": {
        "lastModified": 1789418394,
        "narHash": "sha256-BqRzRHGp8QIOb2dA/4CRnx3+u4/TQoVCSGew4RCzKqA=",
        "owner": "iOfficeAI",
        "repo": "OfficeCLI",
        "rev": "5a938d2d111ba1873452575c6e3fadb3dd0caae8",
        "type": "github"
      },
      "original": {
        "owner": "iOfficeAI",
        "repo": "OfficeCLI",
        "type": "github"
      }
    },
    "oh-my-opencode-slim": {
      "flake": false,
      "locked": {
        "lastModified": 1789515287,
        "narHash": "sha256-2EXe28MNQn7rRfyLyDPzdONkFUZGxpfoJRge30i5buA=",
        "owner": "alvinunreal",
        "repo": "oh-my-opencode-slim",
        "rev": "3013dc25e97013a43c24db5ad87c6587d4db5966",
        "type": "github"
      },
      "original": {
        "owner": "alvinunreal",
        "repo": "oh-my-opencode-slim",
        "type": "github"
      }
    },
    "opencode": {
      "inputs": {
        "nixpkgs": "nixpkgs_2"
      },
      "locked": {
        "lastModified": 1789174503,
        "narHash": "sha256-N+llJ01LglH+A2vSVftwZlr9UU+sq/qeoXkTVEIleek=",
        "owner": "anomalyco",
        "repo": "opencode",
        "rev": "0f26ad8787ffed233aeaf5ab2f4efb0241b13bf5",
        "type": "github"
      },
      "original": {
        "owner": "anomalyco",
        "ref": "beta",
        "repo": "opencode",
        "type": "github"
      }
    },
    "root": {
      "inputs": {
        "hero-anti-overdefense": "hero-anti-overdefense",
        "home-manager": "home-manager",
        "mysecrets": "mysecrets",
        "nixos-wsl": "nixos-wsl",
        "nixpkgs": "nixpkgs",
        "nur": "nur",
        "opencode": "opencode",
        "skills-catalog": "skills-catalog"
      }
    },
    "secretary-skills": {
      "flake": false,
      "locked": {
        "lastModified": 1786821967,
        "narHash": "sha256-kJESiDQ7+GVcaKQ88vFfdLaNVmNtzKRWbrVz43Eaj4U=",
        "owner": "zjm54321",
        "repo": "secretary-skills",
        "rev": "48de9a249b253c1de9f9cbb7f1720b008f96c1d3",
        "type": "github"
      },
      "original": {
        "owner": "zjm54321",
        "repo": "secretary-skills",
        "type": "github"
      }
    },
    "shuorenhua": {
      "flake": false,
      "locked": {
        "lastModified": 1788010064,
        "narHash": "sha256-9S3Bx/o6B3qswvjVtiuR1kCro2F2pf+bjz7KuAfK3gI=",
        "owner": "MrGeDiao",
        "repo": "shuorenhua",
        "rev": "6de1fcfeca5fff6fd15b28c619c11b6d41d1f657",
        "type": "github"
      },
      "original": {
        "owner": "MrGeDiao",
        "ref": "v2.4.0",
        "repo": "shuorenhua",
        "type": "github"
      }
    },
    "skills-catalog": {
      "inputs": {
        "agent-skills": "agent-skills",
        "awesome-copilot": "awesome-copilot",
        "better-icons": "better-icons",
        "cloudflare-skills": "cloudflare-skills",
        "make-interfaces-feel-better": "make-interfaces-feel-better",
        "mattpocock-skills": "mattpocock-skills",
        "officecli": "officecli",
        "oh-my-opencode-slim": "oh-my-opencode-slim",
        "secretary-skills": "secretary-skills",
        "shuorenhua": "shuorenhua",
        "ui-ux-pro-max-skill": "ui-ux-pro-max-skill",
        "xiaohongshu-cli": "xiaohongshu-cli"
      },
      "locked": {
        "path": "./module/ai/skill",
        "type": "path"
      },
      "original": {
        "path": "./module/ai/skill",
        "type": "path"
      },
      "parent": []
    },
    "ui-ux-pro-max-skill": {
      "flake": false,
      "locked": {
        "lastModified": 1789464569,
        "narHash": "sha256-fNMBrxnT78j7kYqYMkY0YHMa1Vdd3ggPww7f8ziNz5k=",
        "owner": "nextlevelbuilder",
        "repo": "ui-ux-pro-max-skill",
        "rev": "15de38fb70bc80ae9276fa7703b48ae861a672e6",
        "type": "github"
      },
      "original": {
        "owner": "nextlevelbuilder",
        "repo": "ui-ux-pro-max-skill",
        "type": "github"
      }
    },
    "xiaohongshu-cli": {
      "flake": false,
      "locked": {
        "lastModified": 1774072237,
        "narHash": "sha256-fGAcEnVYoEYlK/o9H8IShSMhz+dUteJ0S0x5BIT0KG4=",
        "owner": "jackwener",
        "repo": "xiaohongshu-cli",
        "rev": "4d63f3c0c85ccd9054fa8e96d7f761aaf2507449",
        "type": "github"
      },
      "original": {
        "owner": "jackwener",
        "repo": "xiaohongshu-cli",
        "type": "github"
      }
    }
  },
  "root": "root",
  "version": 7
}
